
Microsoft Visual Studio Solution File, Format Version 11.00
# Visual Studio 2010
Project("{FAE04EC0-301F-11D3-BF4B-00C04F79EFBC}") = "SteamVR", "SteamVR.csproj", "{D5E3CAF3-955B-8BBF-DFFD-1A19FBE0C82B}"
EndProject
Project("{FAE04EC0-301F-11D3-BF4B-00C04F79EFBC}") = "SteamVR_Actions", "SteamVR_Actions.csproj", "{3F7CF0D7-3864-7F7E-B421-CE16ED4F9895}"
EndProject
Project("{FAE04EC0-301F-11D3-BF4B-00C04F79EFBC}") = "Assembly-CSharp", "Assembly-CSharp.csproj", "{4EE09AC5-2B58-BA69-8D88-C94133728349}"
EndProject
Project("{FAE04EC0-301F-11D3-BF4B-00C04F79EFBC}") = "SteamVR_Editor", "SteamVR_Editor.csproj", "{3A169CAD-3D20-C91B-8E6F-4C42D1D19F13}"
EndProject
Project("{FAE04EC0-301F-11D3-BF4B-00C04F79EFBC}") = "SteamVR_Input_Editor", "SteamVR_Input_Editor.csproj", "{ED2463D4-4705-C065-D7D1-66A9BD5AD55A}"
EndProject
Project("{FAE04EC0-301F-11D3-BF4B-00C04F79EFBC}") = "SteamVR_Windows_EditorHelper", "SteamVR_Windows_EditorHelper.csproj", "{A0BC1BD2-469A-0E02-F99F-BE81CCAE5258}"
EndProject
Global
	GlobalSection(SolutionConfigurationPlatforms) = preSolution
		Debug|Any CPU = Debug|Any CPU
		Release|Any CPU = Release|Any CPU
	EndGlobalSection
	GlobalSection(ProjectConfigurationPlatforms) = postSolution
		{D5E3CAF3-955B-8BBF-DFFD-1A19FBE0C82B}.Debug|Any CPU.ActiveCfg = Debug|Any CPU
		{D5E3CAF3-955B-8BBF-DFFD-1A19FBE0C82B}.Debug|Any CPU.Build.0 = Debug|Any CPU
		{D5E3CAF3-955B-8BBF-DFFD-1A19FBE0C82B}.Release|Any CPU.ActiveCfg = Release|Any CPU
		{D5E3CAF3-955B-8BBF-DFFD-1A19FBE0C82B}.Release|Any CPU.Build.0 = Release|Any CPU
		{3F7CF0D7-3864-7F7E-B421-CE16ED4F9895}.Debug|Any CPU.ActiveCfg = Debug|Any CPU
		{3F7CF0D7-3864-7F7E-B421-CE16ED4F9895}.Debug|Any CPU.Build.0 = Debug|Any CPU
		{3F7CF0D7-3864-7F7E-B421-CE16ED4F9895}.Release|Any CPU.ActiveCfg = Release|Any CPU
		{3F7CF0D7-3864-7F7E-B421-CE16ED4F9895}.Release|Any CPU.Build.0 = Release|Any CPU
		{4EE09AC5-2B58-BA69-8D88-C94133728349}.Debug|Any CPU.ActiveCfg = Debug|Any CPU
		{4EE09AC5-2B58-BA69-8D88-C94133728349}.Debug|Any CPU.Build.0 = Debug|Any CPU
		{4EE09AC5-2B58-BA69-8D88-C94133728349}.Release|Any CPU.ActiveCfg = Release|Any CPU
		{4EE09AC5-2B58-BA69-8D88-C94133728349}.Release|Any CPU.Build.0 = Release|Any CPU
		{3A169CAD-3D20-C91B-8E6F-4C42D1D19F13}.Debug|Any CPU.ActiveCfg = Debug|Any CPU
		{3A169CAD-3D20-C91B-8E6F-4C42D1D19F13}.Debug|Any CPU.Build.0 = Debug|Any CPU
		{3A169CAD-3D20-C91B-8E6F-4C42D1D19F13}.Release|Any CPU.ActiveCfg = Release|Any CPU
		{3A169CAD-3D20-C91B-8E6F-4C42D1D19F13}.Release|Any CPU.Build.0 = Release|Any CPU
		{ED2463D4-4705-C065-D7D1-66A9BD5AD55A}.Debug|Any CPU.ActiveCfg = Debug|Any CPU
		{ED2463D4-4705-C065-D7D1-66A9BD5AD55A}.Debug|Any CPU.Build.0 = Debug|Any CPU
		{ED2463D4-4705-C065-D7D1-66A9BD5AD55A}.Release|Any CPU.ActiveCfg = Release|Any CPU
		{ED2463D4-4705-C065-D7D1-66A9BD5AD55A}.Release|Any CPU.Build.0 = Release|Any CPU
		{A0BC1BD2-469A-0E02-F99F-BE81CCAE5258}.Debug|Any CPU.ActiveCfg = Debug|Any CPU
		{A0BC1BD2-469A-0E02-F99F-BE81CCAE5258}.Debug|Any CPU.Build.0 = Debug|Any CPU
		{A0BC1BD2-469A-0E02-F99F-BE81CCAE5258}.Release|Any CPU.ActiveCfg = Release|Any CPU
		{A0BC1BD2-469A-0E02-F99F-BE81CCAE5258}.Release|Any CPU.Build.0 = Release|Any CPU
	EndGlobalSection
	GlobalSection(SolutionProperties) = preSolution
		HideSolutionNode = FALSE
	EndGlobalSection
EndGlobal
